// !$*UTF8*$!
{
	archiveVersion = 1;
	classes = {
	};
	objectVersion = 46;
	objects = {

/* Begin PBXBuildFile section */
		562F117D3EA969B1CF150DCA /* Pods_AntrianHaji.framework in Frameworks */ = {isa = PBXBuildFile; fileRef = ABCDB728AF298888F8D2E5C7 /* Pods_AntrianHaji.framework */; };
		B504A1901E778C7A007EFDA8 /* AppDelegate.swift in Sources */ = {isa = PBXBuildFile; fileRef = B504A18F1E778C7A007EFDA8 /* AppDelegate.swift */; };
		B504A1951E778C7A007EFDA8 /* Main.storyboard in Resources */ = {isa = PBXBuildFile; fileRef = B504A1931E778C7A007EFDA8 /* Main.storyboard */; };
		B504A1971E778C7A007EFDA8 /* Assets.xcassets in Resources */ = {isa = PBXBuildFile; fileRef = B504A1961E778C7A007EFDA8 /* Assets.xcassets */; };
		B504A19A1E778C7A007EFDA8 /* LaunchScreen.storyboard in Resources */ = {isa = PBXBuildFile; fileRef = B504A1981E778C7A007EFDA8 /* LaunchScreen.storyboard */; };
		B504A1A81E779063007EFDA8 /* DaftarAntrianHajiViewController.swift in Sources */ = {isa = PBXBuildFile; fileRef = B504A1A71E779063007EFDA8 /* DaftarAntrianHajiViewController.swift */; };
		B504A1AA1E7792B6007EFDA8 /* AntrianCell.swift in Sources */ = {isa = PBXBuildFile; fileRef = B504A1A91E7792B6007EFDA8 /* AntrianCell.swift */; };
		B504A1AC1E779462007EFDA8 /* Antrian.swift in Sources */ = {isa = PBXBuildFile; fileRef = B504A1AB1E779462007EFDA8 /* Antrian.swift */; };
		B504A1AE1E779802007EFDA8 /* AntrianViewModel.swift in Sources */ = {isa = PBXBuildFile; fileRef = B504A1AD1E779802007EFDA8 /* AntrianViewModel.swift */; };
		B504A1B11E779841007EFDA8 /* AntrianService.swift in Sources */ = {isa = PBXBuildFile; fileRef = B504A1B01E779841007EFDA8 /* AntrianService.swift */; };
/* End PBXBuildFile section */

/* Begin PBXFileReference section */
		0EC1558C0935BB18015027FB /* Pods-AntrianHaji.debug.xcconfig */ = {isa = PBXFileReference; includeInIndex = 1; lastKnownFileType = text.xcconfig; name = "Pods-AntrianHaji.debug.xcconfig"; path = "Pods/Target Support Files/Pods-AntrianHaji/Pods-AntrianHaji.debug.xcconfig"; sourceTree = "<group>"; };
		1AB78083A9FF5B09F6BF7C46 /* Pods-AntrianHaji.release.xcconfig */ = {isa = PBXFileReference; includeInIndex = 1; lastKnownFileType = text.xcconfig; name = "Pods-AntrianHaji.release.xcconfig"; path = "Pods/Target Support Files/Pods-AntrianHaji/Pods-AntrianHaji.release.xcconfig"; sourceTree = "<group>"; };
		ABCDB728AF298888F8D2E5C7 /* Pods_AntrianHaji.framework */ = {isa = PBXFileReference; explicitFileType = wrapper.framework; includeInIndex = 0; path = Pods_AntrianHaji.framework; sourceTree = BUILT_PRODUCTS_DIR; };
		B504A18C1E778C7A007EFDA8 /* AntrianHaji.app */ = {isa = PBXFileReference; explicitFileType = wrapper.application; includeInIndex = 0; path = AntrianHaji.app; sourceTree = BUILT_PRODUCTS_DIR; };
		B504A18F1E778C7A007EFDA8 /* AppDelegate.swift */ = {isa = PBXFileReference; lastKnownFileType = sourcecode.swift; path = AppDelegate.swift; sourceTree = "<group>"; };
		B504A1941E778C7A007EFDA8 /* Base */ = {isa = PBXFileReference; lastKnownFileType = file.storyboard; name = Base; path = Base.lproj/Main.storyboard; sourceTree = "<group>"; };
		B504A1961E778C7A007EFDA8 /* Assets.xcassets */ = {isa = PBXFileReference; lastKnownFileType = folder.assetcatalog; path = Assets.xcassets; sourceTree = "<group>"; };
		B504A1991E778C7A007EFDA8 /* Base */ = {isa = PBXFileReference; lastKnownFileType = file.storyboard; name = Base; path = Base.lproj/LaunchScreen.storyboard; sourceTree = "<group>"; };
		B504A19B1E778C7A007EFDA8 /* Info.plist */ = {isa = PBXFileReference; lastKnownFileType = text.plist.xml; path = Info.plist; sourceTree = "<group>"; };
		B504A1A71E779063007EFDA8 /* DaftarAntrianHajiViewController.swift */ = {isa = PBXFileReference; fileEncoding = 4; lastKnownFileType = sourcecode.swift; name = DaftarAntrianHajiViewController.swift; path = Classes/DaftarAntrianHajiViewController.swift; sourceTree = "<group>"; };
		B504A1A91E7792B6007EFDA8 /* AntrianCell.swift */ = {isa = PBXFileReference; fileEncoding = 4; lastKnownFileType = sourcecode.swift; name = AntrianCell.swift; path = Classes/AntrianCell.swift; sourceTree = "<group>"; };
		B504A1AB1E779462007EFDA8 /* Antrian.swift */ = {isa = PBXFileReference; fileEncoding = 4; lastKnownFileType = sourcecode.swift; name = Antrian.swift; path = Classes/Antrian.swift; sourceTree = "<group>"; };
		B504A1AD1E779802007EFDA8 /* AntrianViewModel.swift */ = {isa = PBXFileReference; fileEncoding = 4; lastKnownFileType = sourcecode.swift; name = AntrianViewModel.swift; path = Classes/AntrianViewModel.swift; sourceTree = "<group>"; };
		B504A1B01E779841007EFDA8 /* AntrianService.swift */ = {isa = PBXFileReference; fileEncoding = 4; lastKnownFileType = sourcecode.swift; name = AntrianService.swift; path = Classes/AntrianService.swift; sourceTree = "<group>"; };
/* End PBXFileReference section */

/* Begin PBXFrameworksBuildPhase section */
		B504A1891E778C7A007EFDA8 /* Frameworks */ = {
			isa = PBXFrameworksBuildPhase;
			buildActionMask = 2147483647;
			files = (
				562F117D3EA969B1CF150DCA /* Pods_AntrianHaji.framework in Frameworks */,
			);
			runOnlyForDeploymentPostprocessing = 0;
		};
/* End PBXFrameworksBuildPhase section */

/* Begin PBXGroup section */
		02D276E6ED35E9B91AC9034D /* Frameworks */ = {
			isa = PBXGroup;
			children = (
				ABCDB728AF298888F8D2E5C7 /* Pods_AntrianHaji.framework */,
			);
			name = Frameworks;
			sourceTree = "<group>";
		};
		B504A1831E778C7A007EFDA8 = {
			isa = PBXGroup;
			children = (
				B504A18E1E778C7A007EFDA8 /* AntrianHaji */,
				B504A18D1E778C7A007EFDA8 /* Products */,
				BC14B2942880B76B3193DDB0 /* Pods */,
				02D276E6ED35E9B91AC9034D /* Frameworks */,
			);
			sourceTree = "<group>";
		};
		B504A18D1E778C7A007EFDA8 /* Products */ = {
			isa = PBXGroup;
			children = (
				B504A18C1E778C7A007EFDA8 /* AntrianHaji.app */,
			);
			name = Products;
			sourceTree = "<group>";
		};
		B504A18E1E778C7A007EFDA8 /* AntrianHaji */ = {
			isa = PBXGroup;
			children = (
				B504A1A61E77903B007EFDA8 /* Storyboard */,
				B504A1A21E778F74007EFDA8 /* Resources */,
				B504A1A11E778F6F007EFDA8 /* Classes */,
				B504A18F1E778C7A007EFDA8 /* AppDelegate.swift */,
				B504A1981E778C7A007EFDA8 /* LaunchScreen.storyboard */,
				B504A19B1E778C7A007EFDA8 /* Info.plist */,
			);
			path = AntrianHaji;
			sourceTree = "<group>";
		};
		B504A1A11E778F6F007EFDA8 /* Classes */ = {
			isa = PBXGroup;
			children = (
				B504A1AF1E779821007EFDA8 /* Services */,
				B504A1A51E77901F007EFDA8 /* Models */,
				B504A1A41E77901A007EFDA8 /* View */,
				B504A1A31E779011007EFDA8 /* ViewModels */,
			);
			name = Classes;
			sourceTree = "<group>";
		};
		B504A1A21E778F74007EFDA8 /* Resources */ = {
			isa = PBXGroup;
			children = (
				B504A1961E778C7A007EFDA8 /* Assets.xcassets */,
			);
			name = Resources;
			sourceTree = "<group>";
		};
		B504A1A31E779011007EFDA8 /* ViewModels */ = {
			isa = PBXGroup;
			children = (
				B504A1AD1E779802007EFDA8 /* AntrianViewModel.swift */,
			);
			name = ViewModels;
			sourceTree = "<group>";
		};
		B504A1A41E77901A007EFDA8 /* View */ = {
			isa = PBXGroup;
			children = (
				B504A1A71E779063007EFDA8 /* DaftarAntrianHajiViewController.swift */,
				B504A1A91E7792B6007EFDA8 /* AntrianCell.swift */,
			);
			name = View;
			sourceTree = "<group>";
		};
		B504A1A51E77901F007EFDA8 /* Models */ = {
			isa = PBXGroup;
			children = (
				B504A1AB1E779462007EFDA8 /* Antrian.swift */,
			);
			name = Models;
			sourceTree = "<group>";
		};
		B504A1A61E77903B007EFDA8 /* Storyboard */ = {
			isa = PBXGroup;
			children = (
				B504A1931E778C7A007EFDA8 /* Main.storyboard */,
			);
			name = Storyboard;
			sourceTree = "<group>";
		};
		B504A1AF1E779821007EFDA8 /* Services */ = {
			isa = PBXGroup;
			children = (
				B504A1B01E779841007EFDA8 /* AntrianService.swift */,
			);
			name = Services;
			sourceTree = "<group>";
		};
		BC14B2942880B76B3193DDB0 /* Pods */ = {
			isa = PBXGroup;
			children = (
				0EC1558C0935BB18015027FB /* Pods-AntrianHaji.debug.xcconfig */,
				1AB78083A9FF5B09F6BF7C46 /* Pods-AntrianHaji.release.xcconfig */,
			);
			name = Pods;
			sourceTree = "<group>";
		};
/* End PBXGroup section */

/* Begin PBXNativeTarget section */
		B504A18B1E778C7A007EFDA8 /* AntrianHaji */ = {
			isa = PBXNativeTarget;
			buildConfigurationList = B504A19E1E778C7A007EFDA8 /* Build configuration list for PBXNativeTarget "AntrianHaji" */;
			buildPhases = (
				1D64EA47CE00C9108717E850 /* [CP] Check Pods Manifest.lock */,
				B504A1881E778C7A007EFDA8 /* Sources */,
				B504A1891E778C7A007EFDA8 /* Frameworks */,
				B504A18A1E778C7A007EFDA8 /* Resources */,
				5E0B73FEEA6A7EEC511A018D /* [CP] Embed Pods Frameworks */,
				40ECD8D7135E6056FEAA1D86 /* [CP] Copy Pods Resources */,
			);
			buildRules = (
			);
			dependencies = (
			);
			name = AntrianHaji;
			productName = AntrianHaji;
			productReference = B504A18C1E778C7A007EFDA8 /* AntrianHaji.app */;
			productType = "com.apple.product-type.application";
		};
/* End PBXNativeTarget section */

/* Begin PBXProject section */
		B504A1841E778C7A007EFDA8 /* Project object */ = {
			isa = PBXProject;
			attributes = {
				LastSwiftUpdateCheck = 0820;
				LastUpgradeCheck = 0820;
				ORGANIZATIONNAME = balitax;
				TargetAttributes = {
					B504A18B1E778C7A007EFDA8 = {
						CreatedOnToolsVersion = 8.2.1;
						DevelopmentTeam = B2NF8DM5P8;
						ProvisioningStyle = Automatic;
					};
				};
			};
			buildConfigurationList = B504A1871E778C7A007EFDA8 /* Build configuration list for PBXProject "AntrianHaji" */;
			compatibilityVersion = "Xcode 3.2";
			developmentRegion = English;
			hasScannedForEncodings = 0;
			knownRegions = (
				en,
				Base,
			);
			mainGroup = B504A1831E778C7A007EFDA8;
			productRefGroup = B504A18D1E778C7A007EFDA8 /* Products */;
			projectDirPath = "";
			projectRoot = "";
			targets = (
				B504A18B1E778C7A007EFDA8 /* AntrianHaji */,
			);
		};
/* End PBXProject section */

/* Begin PBXResourcesBuildPhase section */
		B504A18A1E778C7A007EFDA8 /* Resources */ = {
			isa = PBXResourcesBuildPhase;
			buildActionMask = 2147483647;
			files = (
				B504A19A1E778C7A007EFDA8 /* LaunchScreen.storyboard in Resources */,
				B504A1971E778C7A007EFDA8 /* Assets.xcassets in Resources */,
				B504A1951E778C7A007EFDA8 /* Main.storyboard in Resources */,
			);
			runOnlyForDeploymentPostprocessing = 0;
		};
/* End PBXResourcesBuildPhase section */

/* Begin PBXShellScriptBuildPhase section */
		1D64EA47CE00C9108717E850 /* [CP] Check Pods Manifest.lock */ = {
			isa = PBXShellScriptBuildPhase;
			buildActionMask = 2147483647;
			files = (
			);
			inputPaths = (
			);
			name = "[CP] Check Pods Manifest.lock";
			outputPaths = (
			);
			runOnlyForDeploymentPostprocessing = 0;
			shellPath = /bin/sh;
			shellScript = "diff \"${PODS_ROOT}/../Podfile.lock\" \"${PODS_ROOT}/Manifest.lock\" > /dev/null\nif [ $? != 0 ] ; then\n    # print error to STDERR\n    echo \"error: The sandbox is not in sync with the Podfile.lock. Run 'pod install' or update your CocoaPods installation.\" >&2\n    exit 1\nfi\n";
			showEnvVarsInLog = 0;
		};
		40ECD8D7135E6056FEAA1D86 /* [CP] Copy Pods Resources */ = {
			isa = PBXShellScriptBuildPhase;
			buildActionMask = 2147483647;
			files = (
			);
			inputPaths = (
			);
			name = "[CP] Copy Pods Resources";
			outputPaths = (
			);
			runOnlyForDeploymentPostprocessing = 0;
			shellPath = /bin/sh;
			shellScript = "\"${SRCROOT}/Pods/Target Support Files/Pods-AntrianHaji/Pods-AntrianHaji-resources.sh\"\n";
			showEnvVarsInLog = 0;
		};
		5E0B73FEEA6A7EEC511A018D /* [CP] Embed Pods Frameworks */ = {
			isa = PBXShellScriptBuildPhase;
			buildActionMask = 2147483647;
			files = (
			);
			inputPaths = (
			);
			name = "[CP] Embed Pods Frameworks";
			outputPaths = (
			);
			runOnlyForDeploymentPostprocessing = 0;
			shellPath = /bin/sh;
			shellScript = "\"${SRCROOT}/Pods/Target Support Files/Pods-AntrianHaji/Pods-AntrianHaji-frameworks.sh\"\n";
			showEnvVarsInLog = 0;
		};
/* End PBXShellScriptBuildPhase section */

/* Begin PBXSourcesBuildPhase section */
		B504A1881E778C7A007EFDA8 /* Sources */ = {
			isa = PBXSourcesBuildPhase;
			buildActionMask = 2147483647;
			files = (
				B504A1AE1E779802007EFDA8 /* AntrianViewModel.swift in Sources */,
				B504A1A81E779063007EFDA8 /* DaftarAntrianHajiViewController.swift in Sources */,
				B504A1AC1E779462007EFDA8 /* Antrian.swift in Sources */,
				B504A1B11E779841007EFDA8 /* AntrianService.swift in Sources */,
				B504A1901E778C7A007EFDA8 /* AppDelegate.swift in Sources */,
				B504A1AA1E7792B6007EFDA8 /* AntrianCell.swift in Sources */,
			);
			runOnlyForDeploymentPostprocessing = 0;
		};
/* End PBXSourcesBuildPhase section */

/* Begin PBXVariantGroup section */
		B504A1931E778C7A007EFDA8 /* Main.storyboard */ = {
			isa = PBXVariantGroup;
			children = (
				B504A1941E778C7A007EFDA8 /* Base */,
			);
			name = Main.storyboard;
			sourceTree = "<group>";
		};
		B504A1981E778C7A007EFDA8 /* LaunchScreen.storyboard */ = {
			isa = PBXVariantGroup;
			children = (
				B504A1991E778C7A007EFDA8 /* Base */,
			);
			name = LaunchScreen.storyboard;
			sourceTree = "<group>";
		};
/* End PBXVariantGroup section */

/* Begin XCBuildConfiguration section */
		B504A19C1E778C7A007EFDA8 /* Debug */ = {
			isa = XCBuildConfiguration;
			buildSettings = {
				ALWAYS_SEARCH_USER_PATHS = NO;
				CLANG_ANALYZER_NONNULL = YES;
				CLANG_CXX_LANGUAGE_STANDARD = "gnu++0x";
				CLANG_CXX_LIBRARY = "libc++";
				CLANG_ENABLE_MODULES = YES;
				CLANG_ENABLE_OBJC_ARC = YES;
				CLANG_WARN_BOOL_CONVERSION = YES;
				CLANG_WARN_CONSTANT_CONVERSION = YES;
				CLANG_WARN_DIRECT_OBJC_ISA_USAGE = YES_ERROR;
				CLANG_WARN_DOCUMENTATION_COMMENTS = YES;
				CLANG_WARN_EMPTY_BODY = YES;
				CLANG_WARN_ENUM_CONVERSION = YES;
				CLANG_WARN_INFINITE_RECURSION = YES;
				CLANG_WARN_INT_CONVERSION = YES;
				CLANG_WARN_OBJC_ROOT_CLASS = YES_ERROR;
				CLANG_WARN_SUSPICIOUS_MOVE = YES;
				CLANG_WARN_UNREACHABLE_CODE = YES;
				CLANG_WARN__DUPLICATE_METHOD_MATCH = YES;
				"CODE_SIGN_IDENTITY[sdk=iphoneos*]" = "iPhone Developer";
				COPY_PHASE_STRIP = NO;
				DEBUG_INFORMATION_FORMAT = dwarf;
				ENABLE_STRICT_OBJC_MSGSEND = YES;
				ENABLE_TESTABILITY = YES;
				GCC_C_LANGUAGE_STANDARD = gnu99;
				GCC_DYNAMIC_NO_PIC = NO;
				GCC_NO_COMMON_BLOCKS = YES;
				GCC_OPTIMIZATION_LEVEL = 0;
				GCC_PREPROCESSOR_DEFINITIONS = (
					"DEBUG=1",
					"$(inherited)",
				);
				GCC_WARN_64_TO_32_BIT_CONVERSION = YES;
				GCC_WARN_ABOUT_RETURN_TYPE = YES_ERROR;
				GCC_WARN_UNDECLARED_SELECTOR = YES;
				GCC_WARN_UNINITIALIZED_AUTOS = YES_AGGRESSIVE;
				GCC_WARN_UNUSED_FUNCTION = YES;
				GCC_WARN_UNUSED_VARIABLE = YES;
				IPHONEOS_DEPLOYMENT_TARGET = 10.2;
				MTL_ENABLE_DEBUG_INFO = YES;
				ONLY_ACTIVE_ARCH = YES;
				SDKROOT = iphoneos;
				SWIFT_ACTIVE_COMPILATION_CONDITIONS = DEBUG;
				SWIFT_OPTIMIZATION_LEVEL = "-Onone";
			};
			name = Debug;
		};
		B504A19D1E778C7A007EFDA8 /* Release */ = {
			isa = XCBuildConfiguration;
			buildSettings = {
				ALWAYS_SEARCH_USER_PATHS = NO;
				CLANG_ANALYZER_NONNULL = YES;
				CLANG_CXX_LANGUAGE_STANDARD = "gnu++0x";
				CLANG_CXX_LIBRARY = "libc++";
				CLANG_ENABLE_MODULES = YES;
				CLANG_ENABLE_OBJC_ARC = YES;
				CLANG_WARN_BOOL_CONVERSION = YES;
				CLANG_WARN_CONSTANT_CONVERSION = YES;
				CLANG_WARN_DIRECT_OBJC_ISA_USAGE = YES_ERROR;
				CLANG_WARN_DOCUMENTATION_COMMENTS = YES;
				CLANG_WARN_EMPTY_BODY = YES;
				CLANG_WARN_ENUM_CONVERSION = YES;
				CLANG_WARN_INFINITE_RECURSION = YES;
				CLANG_WARN_INT_CONVERSION = YES;
				CLANG_WARN_OBJC_ROOT_CLASS = YES_ERROR;
				CLANG_WARN_SUSPICIOUS_MOVE = YES;
				CLANG_WARN_UNREACHABLE_CODE = YES;
				CLANG_WARN__DUPLICATE_METHOD_MATCH = YES;
				"CODE_SIGN_IDENTITY[sdk=iphoneos*]" = "iPhone Developer";
				COPY_PHASE_STRIP = NO;
				DEBUG_INFORMATION_FORMAT = "dwarf-with-dsym";
				ENABLE_NS_ASSERTIONS = NO;
				ENABLE_STRICT_OBJC_MSGSEND = YES;
				GCC_C_LANGUAGE_STANDARD = gnu99;
				GCC_NO_COMMON_BLOCKS = YES;
				GCC_WARN_64_TO_32_BIT_CONVERSION = YES;
				GCC_WARN_ABOUT_RETURN_TYPE = YES_ERROR;
				GCC_WARN_UNDECLARED_SELECTOR = YES;
				GCC_WARN_UNINITIALIZED_AUTOS = YES_AGGRESSIVE;
				GCC_WARN_UNUSED_FUNCTION = YES;
				GCC_WARN_UNUSED_VARIABLE = YES;
				IPHONEOS_DEPLOYMENT_TARGET = 10.2;
				MTL_ENABLE_DEBUG_INFO = NO;
				SDKROOT = iphoneos;
				SWIFT_OPTIMIZATION_LEVEL = "-Owholemodule";
				VALIDATE_PRODUCT = YES;
			};
			name = Release;
		};
		B504A19F1E778C7A007EFDA8 /* Debug */ = {
			isa = XCBuildConfiguration;
			baseConfigurationReference = 0EC1558C0935BB18015027FB /* Pods-AntrianHaji.debug.xcconfig */;
			buildSettings = {
				ASSETCATALOG_COMPILER_APPICON_NAME = AppIcon;
				DEVELOPMENT_TEAM = B2NF8DM5P8;
				INFOPLIST_FILE = AntrianHaji/Info.plist;
				LD_RUNPATH_SEARCH_PATHS = "$(inherited) @executable_path/Frameworks";
				PRODUCT_BUNDLE_IDENTIFIER = com.balitax.AntrianHaji;
				PRODUCT_NAME = "$(TARGET_NAME)";
				SWIFT_VERSION = 3.0;
			};
			name = Debug;
		};
		B504A1A01E778C7A007EFDA8 /* Release */ = {
			isa = XCBuildConfiguration;
			baseConfigurationReference = 1AB78083A9FF5B09F6BF7C46 /* Pods-AntrianHaji.release.xcconfig */;
			buildSettings = {
				ASSETCATALOG_COMPILER_APPICON_NAME = AppIcon;
				DEVELOPMENT_TEAM = B2NF8DM5P8;
				INFOPLIST_FILE = AntrianHaji/Info.plist;
				LD_RUNPATH_SEARCH_PATHS = "$(inherited) @executable_path/Frameworks";
				PRODUCT_BUNDLE_IDENTIFIER = com.balitax.AntrianHaji;
				PRODUCT_NAME = "$(TARGET_NAME)";
				SWIFT_VERSION = 3.0;
			};
			name = Release;
		};
/* End XCBuildConfiguration section */

/* Begin XCConfigurationList section */
		B504A1871E778C7A007EFDA8 /* Build configuration list for PBXProject "AntrianHaji" */ = {
			isa = XCConfigurationList;
			buildConfigurations = (
				B504A19C1E778C7A007EFDA8 /* Debug */,
				B504A19D1E778C7A007EFDA8 /* Release */,
			);
			defaultConfigurationIsVisible = 0;
			defaultConfigurationName = Release;
		};
		B504A19E1E778C7A007EFDA8 /* Build configuration list for PBXNativeTarget "AntrianHaji" */ = {
			isa = XCConfigurationList;
			buildConfigurations = (
				B504A19F1E778C7A007EFDA8 /* Debug */,
				B504A1A01E778C7A007EFDA8 /* Release */,
			);
			defaultConfigurationIsVisible = 0;
			defaultConfigurationName = Release;
		};
/* End XCConfigurationList section */
	};
	rootObject = B504A1841E778C7A007EFDA8 /* Project object */;
}
